
Microsoft Visual Studio Solution File, Format Version 12.00
# Visual Studio Version 16
VisualStudioVersion = 16.0.29503.13
MinimumVisualStudioVersion = 10.0.40219.1
Project("{FAE04EC0-301F-11D3-BF4B-00C04F79EFBC}") = "aoc2019", "aoc2019.csproj", "{09DE6215-FA83-4B82-A61E-3A4054ED362D}"
EndProject
Global
	GlobalSection(SolutionConfigurationPlatforms) = preSolution
		Debug|Any CPU = Debug|Any CPU
		Release|Any CPU = Release|Any CPU
	EndGlobalSection
	GlobalSection(ProjectConfigurationPlatforms) = postSolution
		{09DE6215-FA83-4B82-A61E-3A4054ED362D}.Debug|Any CPU.ActiveCfg = Debug|Any CPU
		{09DE6215-FA83-4B82-A61E-3A4054ED362D}.Debug|Any CPU.Build.0 = Debug|Any CPU
		{09DE6215-FA83-4B82-A61E-3A4054ED362D}.Release|Any CPU.ActiveCfg = Release|Any CPU
		{09DE6215-FA83-4B82-A61E-3A4054ED362D}.Release|Any CPU.Build.0 = Release|Any CPU
	EndGlobalSection
	GlobalSection(SolutionProperties) = preSolution
		HideSolutionNode = FALSE
	EndGlobalSection
	GlobalSection(ExtensibilityGlobals) = postSolution
		SolutionGuid = {5BD01C15-2E62-4ED8-B6C3-85E0F7430AD1}
	EndGlobalSection
EndGlobal
