
Microsoft Visual Studio Solution File, Format Version 12.00
# Visual Studio Version 16
VisualStudioVersion = 16.0.29503.13
MinimumVisualStudioVersion = 10.0.40219.1
Project("{9A19103F-16F7-4668-BE54-9A1E7A4F7556}") = "aoc2019.WebApp", "aoc2019.WebApp\aoc2019.WebApp.csproj", "{8615F9FC-A6C9-44B7-A153-5F546D62CDDD}"
EndProject
Project("{2150E333-8FDC-42A3-9474-1A3956D46DE8}") = "Solution Items", "Solution Items", "{648E00F6-139D-4B10-A216-98A2F8694C9E}"
	ProjectSection(SolutionItems) = preProject
		.gitignore = .gitignore
		LICENSE = LICENSE
		publish.bat = publish.bat
		README.md = README.md
	EndProjectSection
EndProject
Project("{FAE04EC0-301F-11D3-BF4B-00C04F79EFBC}") = "aoc2019.Puzzles", "aoc2019.Puzzles\aoc2019.Puzzles.csproj", "{A8DD6897-91CC-4955-934B-B7423D90DCD9}"
EndProject
Global
	GlobalSection(SolutionConfigurationPlatforms) = preSolution
		Debug|Any CPU = Debug|Any CPU
		Release|Any CPU = Release|Any CPU
	EndGlobalSection
	GlobalSection(ProjectConfigurationPlatforms) = postSolution
		{8615F9FC-A6C9-44B7-A153-5F546D62CDDD}.Debug|Any CPU.ActiveCfg = Debug|Any CPU
		{8615F9FC-A6C9-44B7-A153-5F546D62CDDD}.Debug|Any CPU.Build.0 = Debug|Any CPU
		{8615F9FC-A6C9-44B7-A153-5F546D62CDDD}.Release|Any CPU.ActiveCfg = Release|Any CPU
		{8615F9FC-A6C9-44B7-A153-5F546D62CDDD}.Release|Any CPU.Build.0 = Release|Any CPU
		{A8DD6897-91CC-4955-934B-B7423D90DCD9}.Debug|Any CPU.ActiveCfg = Debug|Any CPU
		{A8DD6897-91CC-4955-934B-B7423D90DCD9}.Debug|Any CPU.Build.0 = Debug|Any CPU
		{A8DD6897-91CC-4955-934B-B7423D90DCD9}.Release|Any CPU.ActiveCfg = Release|Any CPU
		{A8DD6897-91CC-4955-934B-B7423D90DCD9}.Release|Any CPU.Build.0 = Release|Any CPU
	EndGlobalSection
	GlobalSection(SolutionProperties) = preSolution
		HideSolutionNode = FALSE
	EndGlobalSection
	GlobalSection(ExtensibilityGlobals) = postSolution
		SolutionGuid = {5BD01C15-2E62-4ED8-B6C3-85E0F7430AD1}
	EndGlobalSection
EndGlobal
